
Microsoft Visual Studio Solution File, Format Version 12.00
# Visual Studio Version 17
VisualStudioVersion = 17.11.35327.3
MinimumVisualStudioVersion = 10.0.40219.1
Project("{9A19103F-16F7-4668-BE54-9A1E7A4F7556}") = "Selenium.Framework.NUnit.Simple", "Selenium.Framework.NUnit.Simple\Selenium.Framework.NUnit.Simple.csproj", "{A1E3A24B-0B29-4EDA-9E1A-FFEF0A29CC57}"
EndProject
Project("{FAE04EC0-301F-11D3-BF4B-00C04F79EFBC}") = "Selenium.Framework.NUnit.Complex", "Selenium.Framework.NUnit.Complex\Selenium.Framework.NUnit.Complex.csproj", "{B14E3CF7-E277-4965-9695-1B0588A69C43}"
EndProject
Global
	GlobalSection(SolutionConfigurationPlatforms) = preSolution
		Debug|Any CPU = Debug|Any CPU
		Release|Any CPU = Release|Any CPU
	EndGlobalSection
	GlobalSection(ProjectConfigurationPlatforms) = postSolution
		{A1E3A24B-0B29-4EDA-9E1A-FFEF0A29CC57}.Debug|Any CPU.ActiveCfg = Debug|Any CPU
		{A1E3A24B-0B29-4EDA-9E1A-FFEF0A29CC57}.Debug|Any CPU.Build.0 = Debug|Any CPU
		{A1E3A24B-0B29-4EDA-9E1A-FFEF0A29CC57}.Release|Any CPU.ActiveCfg = Release|Any CPU
		{A1E3A24B-0B29-4EDA-9E1A-FFEF0A29CC57}.Release|Any CPU.Build.0 = Release|Any CPU
		{B14E3CF7-E277-4965-9695-1B0588A69C43}.Debug|Any CPU.ActiveCfg = Debug|Any CPU
		{B14E3CF7-E277-4965-9695-1B0588A69C43}.Debug|Any CPU.Build.0 = Debug|Any CPU
		{B14E3CF7-E277-4965-9695-1B0588A69C43}.Release|Any CPU.ActiveCfg = Release|Any CPU
		{B14E3CF7-E277-4965-9695-1B0588A69C43}.Release|Any CPU.Build.0 = Release|Any CPU
	EndGlobalSection
	GlobalSection(SolutionProperties) = preSolution
		HideSolutionNode = FALSE
	EndGlobalSection
	GlobalSection(ExtensibilityGlobals) = postSolution
		SolutionGuid = {63628A32-A12C-490C-A129-053B09641A6C}
	EndGlobalSection
EndGlobal
